{
  "name": "Generate Canonical Requests (V4)",
  "requires": true,
  "lockfileVersion": 1,
  "dependencies": {
    "strict-uri-encode": {
      "version": "2.0.0",
      "resolved": "https://registry.npmjs.org/strict-uri-encode/-/strict-uri-encode-2.0.0.tgz",
      "integrity": "sha1-ucczDHBChi9rFC3CdLvMWGbONUY="
    }
  }
}
